
Microsoft Visual Studio Solution File, Format Version 12.00
# Visual Studio Version 17
VisualStudioVersion = 17.12.35527.113
MinimumVisualStudioVersion = 10.0.40219.1
Project("{FAE04EC0-301F-11D3-BF4B-00C04F79EFBC}") = "EmployeeLib", "EmployeeLib\EmployeeLib.csproj", "{F2160985-15D1-4397-81BB-F0C85E02FBFE}"
EndProject
Project("{FAE04EC0-301F-11D3-BF4B-00C04F79EFBC}") = "HTMArchitecture", "HTMArchitecture\HTMArchitecture.csproj", "{F689504B-E400-463F-A1FB-F65FBC2EECF9}"
EndProject
Global
	GlobalSection(SolutionConfigurationPlatforms) = preSolution
		Debug|Any CPU = Debug|Any CPU
		Release|Any CPU = Release|Any CPU
	EndGlobalSection
	GlobalSection(ProjectConfigurationPlatforms) = postSolution
		{F2160985-15D1-4397-81BB-F0C85E02FBFE}.Debug|Any CPU.ActiveCfg = Debug|Any CPU
		{F2160985-15D1-4397-81BB-F0C85E02FBFE}.Debug|Any CPU.Build.0 = Debug|Any CPU
		{F2160985-15D1-4397-81BB-F0C85E02FBFE}.Release|Any CPU.ActiveCfg = Release|Any CPU
		{F2160985-15D1-4397-81BB-F0C85E02FBFE}.Release|Any CPU.Build.0 = Release|Any CPU
		{F689504B-E400-463F-A1FB-F65FBC2EECF9}.Debug|Any CPU.ActiveCfg = Debug|Any CPU
		{F689504B-E400-463F-A1FB-F65FBC2EECF9}.Debug|Any CPU.Build.0 = Debug|Any CPU
		{F689504B-E400-463F-A1FB-F65FBC2EECF9}.Release|Any CPU.ActiveCfg = Release|Any CPU
		{F689504B-E400-463F-A1FB-F65FBC2EECF9}.Release|Any CPU.Build.0 = Release|Any CPU
	EndGlobalSection
	GlobalSection(SolutionProperties) = preSolution
		HideSolutionNode = FALSE
	EndGlobalSection
EndGlobal
